{
  "name": "dasdpl",
  "version": "0.0.1",
  "lockfileVersion": 1,
  "requires": true,
  "dependencies": {
    "@types/colors": {
      "version": "1.1.3",
      "resolved": "https://registry.npmjs.org/@types/colors/-/colors-1.1.3.tgz",
      "integrity": "sha1-VBOwp6GxbdGL4OP9V9L+7Mgcx3Y="
    },
    "@types/es6-shim": {
      "version": "0.31.35",
      "resolved": "https://registry.npmjs.org/@types/es6-shim/-/es6-shim-0.31.35.tgz",
      "integrity": "sha512-jecKfIChNeUKKaQ5tWSzK69FDhW/hegDdJIkLXHJfLVDNjoJOdDtNbCnmK8V2IPTgVVEOi+FLhljbvDix8EDtA=="
    },
    "@types/node": {
      "version": "8.5.7",
      "resolved": "https://registry.npmjs.org/@types/node/-/node-8.5.7.tgz",
      "integrity": "sha512-+1ZfzGIq8Y3EV7hPF7bs3i+Gi2mqYOiEGGRxGYPrn+hTYLMmzg+/5TkMkCHiRtLB38XSNvr/43aQ9+cUq4BbBg=="
    },
    "@types/pegjs": {
      "version": "0.10.0",
      "resolved": "https://registry.npmjs.org/@types/pegjs/-/pegjs-0.10.0.tgz",
      "integrity": "sha1-oUc2Ii5iCOHGjAviMascU93FU5I="
    },
    "ascii-table": {
      "version": "0.0.9",
      "resolved": "https://registry.npmjs.org/ascii-table/-/ascii-table-0.0.9.tgz",
      "integrity": "sha1-BqZgTWpV1L9BqaR9mHLXp42jHnM="
    },
    "ascii-tree": {
      "version": "0.3.0",
      "resolved": "https://registry.npmjs.org/ascii-tree/-/ascii-tree-0.3.0.tgz",
      "integrity": "sha1-ov5GlgfAqFQb1xyT6bV/gNrVRtw=",
      "requires": {
        "freetree": "0.2.2"
      }
    },
    "colors": {
      "version": "1.1.2",
      "resolved": "https://registry.npmjs.org/colors/-/colors-1.1.2.tgz",
      "integrity": "sha1-FopHAXVran9RoSzgyXv6KMCE7WM="
    },
    "es6-shim": {
      "version": "0.35.3",
      "resolved": "https://registry.npmjs.org/es6-shim/-/es6-shim-0.35.3.tgz",
      "integrity": "sha1-m/tzY/7//4emzbbNk+QF7DxLbyY="
    },
    "freetree": {
      "version": "0.2.2",
      "resolved": "https://registry.npmjs.org/freetree/-/freetree-0.2.2.tgz",
      "integrity": "sha1-DiAIWYtS0HzJY2339J9SUMT5L9A="
    },
    "pegjs": {
      "version": "0.10.0",
      "resolved": "https://registry.npmjs.org/pegjs/-/pegjs-0.10.0.tgz",
      "integrity": "sha1-z4uvrm7d/0tafvsYUmnqr0YQ3b0="
    },
    "ts-pegjs": {
      "version": "0.1.13",
      "resolved": "https://registry.npmjs.org/ts-pegjs/-/ts-pegjs-0.1.13.tgz",
      "integrity": "sha512-vGpGpRp9NS74Da8jcLekpwBKYK3KFBpwKniBRdsQWLx9x2WuPB56go5xSAeqcdhOhGOv8dZDE2YMN+T66f1qvQ==",
      "requires": {
        "pegjs": "0.10.0"
      }
    },
    "typescript": {
      "version": "2.6.2",
      "resolved": "https://registry.npmjs.org/typescript/-/typescript-2.6.2.tgz",
      "integrity": "sha1-PFtv1/beCRQmkCfwPAlGdY92c6Q="
    }
  }
}
